{
  "name": "rest-api-demo-2",
  "lockfileVersion": 3,
  "requires": true,
  "packages": {
    "": {
      "dependencies": {
        "@billjs/request": "^1.0.1",
        "paypal-ipn": "^3.0.0"
      }
    },
    "node_modules/@billjs/event-emitter": {
      "version": "1.0.3",
      "resolved": "https://registry.npmjs.org/@billjs/event-emitter/-/event-emitter-1.0.3.tgz",
      "integrity": "sha512-ZvzKYD/Gk9HSq42jCHFlTXb3oJztspH7WTdlVU6WdW3MKk6Jja/wWhxRSpT07aDkU69pqdUl9zx6lpG6/qxO6g=="
    },
    "node_modules/@billjs/query-string": {
      "version": "1.0.2",
      "resolved": "https://registry.npmjs.org/@billjs/query-string/-/query-string-1.0.2.tgz",
      "integrity": "sha512-7PyNNOhyFLIJCOcPEiw26FGycceE4a80uslJvYexdwNBco/H0wSH4Ukymy1vAW16Zi2yuLaVFGwV2NljLU4eoQ=="
    },
    "node_modules/@billjs/request": {
      "version": "1.0.1",
      "resolved": "https://registry.npmjs.org/@billjs/request/-/request-1.0.1.tgz",
      "integrity": "sha512-r8d8n0rO9CuIMa2a0gExFhH0+0+Kx38HqRvV67HE1KJtQHHaF3AeRIC6vVyy6ZzFRo6WSvKO9vkb1J0XbrdR+A==",
      "dependencies": {
        "@billjs/event-emitter": "^1.0.3",
        "@billjs/query-string": "^1.0.2"
      }
    },
    "node_modules/paypal-ipn": {
      "version": "3.0.0",
      "resolved": "https://registry.npmjs.org/paypal-ipn/-/paypal-ipn-3.0.0.tgz",
      "integrity": "sha512-bgkkjPs1/YtWuy08JPTrND2FE458fE/sc7hVbMJ6abjmpH3gu8co8kh6Cyw/6OxHWienpydCY4+ObaEFr5kmhw==",
      "engines": [
        "node"
      ]
    }
  }
}
